# THIS IS AN AUTOGENERATED FILE. DO NOT EDIT THIS FILE DIRECTLY.
# yarn lockfile v1
ipv6-normalize@^1.0.1:
  version "1.0.1"
  resolved "https://registry.yarnpkg.com/ipv6-normalize/-/ipv6-normalize-1.0.1.tgz#1b3258290d365fa83239e89907dde4592e7620a8"

nodemailer-fetch@1.6.0:
  version "1.6.0"
  resolved "https://registry.yarnpkg.com/nodemailer-fetch/-/nodemailer-fetch-1.6.0.tgz#79c4908a1c0f5f375b73fe888da9828f6dc963a4"

nodemailer-shared@^1.1.0:
  version "1.1.0"
  resolved "https://registry.yarnpkg.com/nodemailer-shared/-/nodemailer-shared-1.1.0.tgz#cf5994e2fd268d00f5cf0fa767a08169edb07ec0"
  dependencies:
    nodemailer-fetch "1.6.0"

smtp-server:
  version "1.17.0"
  resolved "https://registry.yarnpkg.com/smtp-server/-/smtp-server-1.17.0.tgz#4d5db137986bc8f276982e9adda0887fd527e2a2"
  dependencies:
    ipv6-normalize "^1.0.1"
    nodemailer-shared "^1.1.0"

